lockfileVersion: '6.0'

settings:
  autoInstallPeers: true
  excludeLinksFromLockfile: false

dependencies:
  '@emartech/easy-crypto':
    specifier: ^3.1.5
    version: 3.1.5
  aws-sdk:
    specifier: ^2.814.0
    version: 2.814.0
  dotenv:
    specifier: ^8.2.0
    version: 8.2.0
  get-stdin:
    specifier: ^7.0.0
    version: 7.0.0
  yargs:
    specifier: ^15.0.2
    version: 15.0.2

packages:

  /@emartech/easy-crypto@3.1.5:
    resolution: {integrity: sha512-W1Jqna2hJRZFMCV2HGwqOb+CHaW4P5Un3Nfg09HAHvP1VlI2HC1fhJ7Dn3tmoVNMa0Ll8Pqi4E+CFqYLQCSM2A==}
    dev: false

  /@types/color-name@1.1.1:
    resolution: {integrity: sha512-rr+OQyAjxze7GgWrSaJwydHStIhHq2lvY3BOC2Mj7KnzI7XK0Uw1TOOdI9lDoajEbSWLiYgoo4f1R51erQfhPQ==}
    dev: false

  /ansi-regex@5.0.0:
    resolution: {integrity: sha512-bY6fj56OUQ0hU1KjFNDQuJFezqKdrAyFdIevADiqrWHwSlbmBNMHp5ak2f40Pm8JTFyM2mqxkG6ngkHO11f/lg==}
    engines: {node: '>=8'}
    dev: false

  /ansi-styles@4.2.0:
    resolution: {integrity: sha512-7kFQgnEaMdRtwf6uSfUnVr9gSGC7faurn+J/Mv90/W+iTtN0405/nLdopfMWwchyxhbGYl6TC4Sccn9TUkGAgg==}
    engines: {node: '>=8'}
    dependencies:
      '@types/color-name': 1.1.1
      color-convert: 2.0.1
    dev: false

  /aws-sdk@2.814.0:
    resolution: {integrity: sha512-empd1m/J/MAkL6d9OeRpmg9thobULu0wk4v8W3JToaxGi2TD7PIdvE6yliZKyOVAdJINhBWEBhxR4OUIHhcGbQ==}
    engines: {node: '>= 0.8.0'}
    dependencies:
      buffer: 4.9.2
      events: 1.1.1
      ieee754: 1.1.13
      jmespath: 0.15.0
      querystring: 0.2.0
      sax: 1.2.1
      url: 0.10.3
      uuid: 3.3.2
      xml2js: 0.4.19
    dev: false

  /base64-js@1.3.1:
    resolution: {integrity: sha512-mLQ4i2QO1ytvGWFWmcngKO//JXAQueZvwEKtjgQFM4jIK0kU+ytMfplL8j+n5mspOfjHwoAg+9yhb7BwAHm36g==}
    dev: false

  /buffer@4.9.2:
    resolution: {integrity: sha512-xq+q3SRMOxGivLhBNaUdC64hDTQwejJ+H0T/NB1XMtTVEwNTrfFF3gAxiyW0Bu/xWEGhjVKgUcMhCrUy2+uCWg==}
    dependencies:
      base64-js: 1.3.1
      ieee754: 1.1.13
      isarray: 1.0.0
    dev: false

  /camelcase@5.3.1:
    resolution: {integrity: sha512-L28STB170nwWS63UjtlEOE3dldQApaJXZkOI1uMFfzf3rRuPegHaHesyee+YxQ+W6SvRDQV6UrdOdRiR153wJg==}
    engines: {node: '>=6'}
    dev: false

  /cliui@6.0.0:
    resolution: {integrity: sha512-t6wbgtoCXvAzst7QgXxJYqPt0usEfbgQdftEPbLL/cvv6HPE5VgvqCuAIDR0NgU52ds6rFwqrgakNLrHEjCbrQ==}
    dependencies:
      string-width: 4.2.0
      strip-ansi: 6.0.0
      wrap-ansi: 6.2.0
    dev: false

  /color-convert@2.0.1:
    resolution: {integrity: sha512-RRECPsj7iu/xb5oKYcsFHSppFNnsj/52OVTRKb4zP5onXwVF3zVmmToNcOfGC+CRDpfK/U584fMg38ZHCaElKQ==}
    engines: {node: '>=7.0.0'}
    dependencies:
      color-name: 1.1.4
    dev: false

  /color-name@1.1.4:
    resolution: {integrity: sha512-dOy+3AuW3a2wNbZHIuMZpTcgjGuLU/uBL/ubcZF9OXbDo8ff4O8yVp5Bf0efS8uEoYo5q4Fx7dY9OgQGXgAsQA==}
    dev: false

  /decamelize@1.2.0:
    resolution: {integrity: sha1-9lNNFRSCabIDUue+4m9QH5oZEpA=}
    engines: {node: '>=0.10.0'}
    dev: false

  /dotenv@8.2.0:
    resolution: {integrity: sha512-8sJ78ElpbDJBHNeBzUbUVLsqKdccaa/BXF1uPTw3GrvQTBgrQrtObr2mUrE38vzYd8cEv+m/JBfDLioYcfXoaw==}
    engines: {node: '>=8'}
    dev: false

  /emoji-regex@8.0.0:
    resolution: {integrity: sha512-MSjYzcWNOA0ewAHpz0MxpYFvwg6yjy1NG3xteoqz644VCo/RPgnr1/GGt+ic3iJTzQ8Eu3TdM14SawnVUmGE6A==}
    dev: false

  /events@1.1.1:
    resolution: {integrity: sha512-kEcvvCBByWXGnZy6JUlgAp2gBIUjfCAV6P6TgT1/aaQKcmuAEC4OZTV1I4EWQLz2gxZw76atuVyvHhTxvi0Flw==}
    engines: {node: '>=0.4.x'}
    dev: false

  /find-up@4.1.0:
    resolution: {integrity: sha512-PpOwAdQ/YlXQ2vj8a3h8IipDuYRi3wceVQQGYWxNINccq40Anw7BlsEXCMbt1Zt+OLA6Fq9suIpIWD0OsnISlw==}
    engines: {node: '>=8'}
    dependencies:
      locate-path: 5.0.0
      path-exists: 4.0.0
    dev: false

  /get-caller-file@2.0.5:
    resolution: {integrity: sha512-DyFP3BM/3YHTQOCUL/w0OZHR0lpKeGrxotcHWcqNEdnltqFwXVfhEBQ94eIo34AfQpo0rGki4cyIiftY06h2Fg==}
    engines: {node: 6.* || 8.* || >= 10.*}
    dev: false

  /get-stdin@7.0.0:
    resolution: {integrity: sha512-zRKcywvrXlXsA0v0i9Io4KDRaAw7+a1ZpjRwl9Wox8PFlVCCHra7E9c4kqXCoCM9nR5tBkaTTZRBoCm60bFqTQ==}
    engines: {node: '>=8'}
    dev: false

  /ieee754@1.1.13:
    resolution: {integrity: sha512-4vf7I2LYV/HaWerSo3XmlMkp5eZ83i+/CDluXi/IGTs/O1sejBNhTtnxzmRZfvOUqj7lZjqHkeTvpgSFDlWZTg==}
    dev: false

  /is-fullwidth-code-point@3.0.0:
    resolution: {integrity: sha512-zymm5+u+sCsSWyD9qNaejV3DFvhCKclKdizYaJUuHA83RLjb7nSuGnddCHGv0hk+KY7BMAlsWeK4Ueg6EV6XQg==}
    engines: {node: '>=8'}
    dev: false

  /isarray@1.0.0:
    resolution: {integrity: sha512-VLghIWNM6ELQzo7zwmcg0NmTVyWKYjvIeM83yjp0wRDTmUnrM678fQbcKBo6n2CJEF0szoG//ytg+TKla89ALQ==}
    dev: false

  /jmespath@0.15.0:
    resolution: {integrity: sha512-+kHj8HXArPfpPEKGLZ+kB5ONRTCiGQXo8RQYL0hH8t6pWXUBBK5KkkQmTNOwKK4LEsd0yTsgtjJVm4UBSZea4w==}
    engines: {node: '>= 0.6.0'}
    dev: false

  /locate-path@5.0.0:
    resolution: {integrity: sha512-t7hw9pI+WvuwNJXwk5zVHpyhIqzg2qTlklJOf0mVxGSbe3Fp2VieZcduNYjaLDoy6p9uGpQEGWG87WpMKlNq8g==}
    engines: {node: '>=8'}
    dependencies:
      p-locate: 4.1.0
    dev: false

  /p-limit@2.2.1:
    resolution: {integrity: sha512-85Tk+90UCVWvbDavCLKPOLC9vvY8OwEX/RtKF+/1OADJMVlFfEHOiMTPVyxg7mk/dKa+ipdHm0OUkTvCpMTuwg==}
    engines: {node: '>=6'}
    dependencies:
      p-try: 2.2.0
    dev: false

  /p-locate@4.1.0:
    resolution: {integrity: sha512-R79ZZ/0wAxKGu3oYMlz8jy/kbhsNrS7SKZ7PxEHBgJ5+F2mtFW2fK2cOtBh1cHYkQsbzFV7I+EoRKe6Yt0oK7A==}
    engines: {node: '>=8'}
    dependencies:
      p-limit: 2.2.1
    dev: false

  /p-try@2.2.0:
    resolution: {integrity: sha512-R4nPAVTAU0B9D35/Gk3uJf/7XYbQcyohSKdvAxIRSNghFl4e71hVoGnBNQz9cWaXxO2I10KTC+3jMdvvoKw6dQ==}
    engines: {node: '>=6'}
    dev: false

  /path-exists@4.0.0:
    resolution: {integrity: sha512-ak9Qy5Q7jYb2Wwcey5Fpvg2KoAc/ZIhLSLOSBmRmygPsGwkVVt0fZa0qrtMz+m6tJTAHfZQ8FnmB4MG4LWy7/w==}
    engines: {node: '>=8'}
    dev: false

  /punycode@1.3.2:
    resolution: {integrity: sha512-RofWgt/7fL5wP1Y7fxE7/EmTLzQVnB0ycyibJ0OOHIlJqTNzglYFxVwETOcIoJqJmpDXJ9xImDv+Fq34F/d4Dw==}
    dev: false

  /querystring@0.2.0:
    resolution: {integrity: sha512-X/xY82scca2tau62i9mDyU9K+I+djTMUsvwf7xnUX5GLvVzgJybOJf4Y6o9Zx3oJK/LSXg5tTZBjwzqVPaPO2g==}
    engines: {node: '>=0.4.x'}
    deprecated: The querystring API is considered Legacy. new code should use the URLSearchParams API instead.
    dev: false

  /require-directory@2.1.1:
    resolution: {integrity: sha1-jGStX9MNqxyXbiNE/+f3kqam30I=}
    engines: {node: '>=0.10.0'}
    dev: false

  /require-main-filename@2.0.0:
    resolution: {integrity: sha512-NKN5kMDylKuldxYLSUfrbo5Tuzh4hd+2E8NPPX02mZtn1VuREQToYe/ZdlJy+J3uCpfaiGF05e7B8W0iXbQHmg==}
    dev: false

  /sax@1.2.1:
    resolution: {integrity: sha512-8I2a3LovHTOpm7NV5yOyO8IHqgVsfK4+UuySrXU8YXkSRX7k6hCV9b3HrkKCr3nMpgj+0bmocaJJWpvp1oc7ZA==}
    dev: false

  /set-blocking@2.0.0:
    resolution: {integrity: sha1-BF+XgtARrppoA93TgrJDkrPYkPc=}
    dev: false

  /string-width@4.2.0:
    resolution: {integrity: sha512-zUz5JD+tgqtuDjMhwIg5uFVV3dtqZ9yQJlZVfq4I01/K5Paj5UHj7VyrQOJvzawSVlKpObApbfD0Ed6yJc+1eg==}
    engines: {node: '>=8'}
    dependencies:
      emoji-regex: 8.0.0
      is-fullwidth-code-point: 3.0.0
      strip-ansi: 6.0.0
    dev: false

  /strip-ansi@6.0.0:
    resolution: {integrity: sha512-AuvKTrTfQNYNIctbR1K/YGTR1756GycPsg7b9bdV9Duqur4gv6aKqHXah67Z8ImS7WEz5QVcOtlfW2rZEugt6w==}
    engines: {node: '>=8'}
    dependencies:
      ansi-regex: 5.0.0
    dev: false

  /url@0.10.3:
    resolution: {integrity: sha512-hzSUW2q06EqL1gKM/a+obYHLIO6ct2hwPuviqTTOcfFVc61UbfJ2Q32+uGL/HCPxKqrdGB5QUwIe7UqlDgwsOQ==}
    dependencies:
      punycode: 1.3.2
      querystring: 0.2.0
    dev: false

  /uuid@3.3.2:
    resolution: {integrity: sha512-yXJmeNaw3DnnKAOKJE51sL/ZaYfWJRl1pK9dr19YFCu0ObS231AB1/LbqTKRAQ5kw8A90rA6fr4riOUpTZvQZA==}
    deprecated: Please upgrade  to version 7 or higher.  Older versions may use Math.random() in certain circumstances, which is known to be problematic.  See https://v8.dev/blog/math-random for details.
    hasBin: true
    dev: false

  /which-module@2.0.0:
    resolution: {integrity: sha1-2e8H3Od7mQK4o6j6SzHD4/fm6Ho=}
    dev: false

  /wrap-ansi@6.2.0:
    resolution: {integrity: sha512-r6lPcBGxZXlIcymEu7InxDMhdW0KDxpLgoFLcguasxCaJ/SOIZwINatK9KY/tf+ZrlywOKU0UDj3ATXUBfxJXA==}
    engines: {node: '>=8'}
    dependencies:
      ansi-styles: 4.2.0
      string-width: 4.2.0
      strip-ansi: 6.0.0
    dev: false

  /xml2js@0.4.19:
    resolution: {integrity: sha512-esZnJZJOiJR9wWKMyuvSE1y6Dq5LCuJanqhxslH2bxM6duahNZ+HMpCLhBQGZkbX6xRf8x1Y2eJlgt2q3qo49Q==}
    dependencies:
      sax: 1.2.1
      xmlbuilder: 9.0.7
    dev: false

  /xmlbuilder@9.0.7:
    resolution: {integrity: sha512-7YXTQc3P2l9+0rjaUbLwMKRhtmwg1M1eDf6nag7urC7pIPYLD9W/jmzQ4ptRSUbodw5S0jfoGTflLemQibSpeQ==}
    engines: {node: '>=4.0'}
    dev: false

  /y18n@4.0.0:
    resolution: {integrity: sha512-r9S/ZyXu/Xu9q1tYlpsLIsa3EeLXXk0VwlxqTcFRfg9EhMW+17kbt9G0NrgCmhGb5vT2hyhJZLfDGx+7+5Uj/w==}
    dev: false

  /yargs-parser@16.1.0:
    resolution: {integrity: sha512-H/V41UNZQPkUMIT5h5hiwg4QKIY1RPvoBV4XcjUbRM8Bk2oKqqyZ0DIEbTFZB0XjbtSPG8SAa/0DxCQmiRgzKg==}
    dependencies:
      camelcase: 5.3.1
      decamelize: 1.2.0
    dev: false

  /yargs@15.0.2:
    resolution: {integrity: sha512-GH/X/hYt+x5hOat4LMnCqMd8r5Cv78heOMIJn1hr7QPPBqfeC6p89Y78+WB9yGDvfpCvgasfmWLzNzEioOUD9Q==}
    dependencies:
      cliui: 6.0.0
      decamelize: 1.2.0
      find-up: 4.1.0
      get-caller-file: 2.0.5
      require-directory: 2.1.1
      require-main-filename: 2.0.0
      set-blocking: 2.0.0
      string-width: 4.2.0
      which-module: 2.0.0
      y18n: 4.0.0
      yargs-parser: 16.1.0
    dev: false
